{
  "requires": true,
  "lockfileVersion": 1,
  "dependencies": {
    "dynamics-web-api": {
      "version": "1.6.6",
      "resolved": "https://registry.npmjs.org/dynamics-web-api/-/dynamics-web-api-1.6.6.tgz",
      "integrity": "sha512-ojX621GmFOQ5KyTpJO7sjktZnU7Q9OTfe7jELAwpdTIc254DYuh3FTncu0WXNcsIVCPQObC4e2vXucb0CWU3OQ=="
    }
  }
}
